
Microsoft Visual Studio Solution File, Format Version 12.00
# Visual Studio Version 17
VisualStudioVersion = 17.13.35806.99
MinimumVisualStudioVersion = 10.0.40219.1
Project("{FAE04EC0-301F-11D3-BF4B-00C04F79EFBC}") = "AndreSalgados", "AndreSalgados.csproj", "{F2A6087E-A94B-477D-932E-8BAF3BB9F9B3}"
EndProject
Project("{FAE04EC0-301F-11D3-BF4B-00C04F79EFBC}") = "Application.Core", "..\Application.Core\Application.Core.csproj", "{17E0B01E-9DD0-4FBD-BE8F-886D2BED0D0D}"
EndProject
Project("{FAE04EC0-301F-11D3-BF4B-00C04F79EFBC}") = "Infraestructure", "..\Infraestructure\Infraestructure.csproj", "{FFE18269-D669-4FC6-835F-8D035FC36172}"
EndProject
Global
	GlobalSection(SolutionConfigurationPlatforms) = preSolution
		Debug|Any CPU = Debug|Any CPU
		Release|Any CPU = Release|Any CPU
	EndGlobalSection
	GlobalSection(ProjectConfigurationPlatforms) = postSolution
		{F2A6087E-A94B-477D-932E-8BAF3BB9F9B3}.Debug|Any CPU.ActiveCfg = Debug|Any CPU
		{F2A6087E-A94B-477D-932E-8BAF3BB9F9B3}.Debug|Any CPU.Build.0 = Debug|Any CPU
		{F2A6087E-A94B-477D-932E-8BAF3BB9F9B3}.Release|Any CPU.ActiveCfg = Release|Any CPU
		{F2A6087E-A94B-477D-932E-8BAF3BB9F9B3}.Release|Any CPU.Build.0 = Release|Any CPU
		{17E0B01E-9DD0-4FBD-BE8F-886D2BED0D0D}.Debug|Any CPU.ActiveCfg = Debug|Any CPU
		{17E0B01E-9DD0-4FBD-BE8F-886D2BED0D0D}.Debug|Any CPU.Build.0 = Debug|Any CPU
		{17E0B01E-9DD0-4FBD-BE8F-886D2BED0D0D}.Release|Any CPU.ActiveCfg = Release|Any CPU
		{17E0B01E-9DD0-4FBD-BE8F-886D2BED0D0D}.Release|Any CPU.Build.0 = Release|Any CPU
		{FFE18269-D669-4FC6-835F-8D035FC36172}.Debug|Any CPU.ActiveCfg = Debug|Any CPU
		{FFE18269-D669-4FC6-835F-8D035FC36172}.Debug|Any CPU.Build.0 = Debug|Any CPU
		{FFE18269-D669-4FC6-835F-8D035FC36172}.Release|Any CPU.ActiveCfg = Release|Any CPU
		{FFE18269-D669-4FC6-835F-8D035FC36172}.Release|Any CPU.Build.0 = Release|Any CPU
	EndGlobalSection
	GlobalSection(SolutionProperties) = preSolution
		HideSolutionNode = FALSE
	EndGlobalSection
	GlobalSection(ExtensibilityGlobals) = postSolution
		SolutionGuid = {4F7A2527-A0F4-4C27-AF1D-65004B46CD11}
	EndGlobalSection
EndGlobal
